
Microsoft Visual Studio Solution File, Format Version 12.00
# Visual Studio Version 16
VisualStudioVersion = 16.0.30804.86
MinimumVisualStudioVersion = 10.0.40219.1
Project("{FAE04EC0-301F-11D3-BF4B-00C04F79EFBC}") = "PipelineTest", "PipelineTest.csproj", "{981ADAF0-3493-4AFC-B592-1D282C0B68C9}"
EndProject
Global
	GlobalSection(SolutionConfigurationPlatforms) = preSolution
		Debug|Any CPU = Debug|Any CPU
		Release|Any CPU = Release|Any CPU
	EndGlobalSection
	GlobalSection(ProjectConfigurationPlatforms) = postSolution
		{981ADAF0-3493-4AFC-B592-1D282C0B68C9}.Debug|Any CPU.ActiveCfg = Debug|Any CPU
		{981ADAF0-3493-4AFC-B592-1D282C0B68C9}.Debug|Any CPU.Build.0 = Debug|Any CPU
		{981ADAF0-3493-4AFC-B592-1D282C0B68C9}.Release|Any CPU.ActiveCfg = Release|Any CPU
		{981ADAF0-3493-4AFC-B592-1D282C0B68C9}.Release|Any CPU.Build.0 = Release|Any CPU
	EndGlobalSection
	GlobalSection(SolutionProperties) = preSolution
		HideSolutionNode = FALSE
	EndGlobalSection
	GlobalSection(ExtensibilityGlobals) = postSolution
		SolutionGuid = {ED3722C7-C794-40DD-821A-C51A740063C1}
	EndGlobalSection
EndGlobal
